
Microsoft Visual Studio Solution File, Format Version 12.00
# Visual Studio Version 17
VisualStudioVersion = 17.11.35312.102
MinimumVisualStudioVersion = 10.0.40219.1
Project("{FAE04EC0-301F-11D3-BF4B-00C04F79EFBC}") = "MeichuHackaThon", "MeichuHackaThon\MeichuHackaThon.csproj", "{B71317D3-A644-4374-97E6-6FDDEC198234}"
EndProject
Project("{FAE04EC0-301F-11D3-BF4B-00C04F79EFBC}") = "MeichuHackaThon2024Model", "MeichuHackaThon2024Model\MeichuHackaThon2024Model.csproj", "{5A9854E5-8B23-4706-86D0-8EB802A5731A}"
EndProject
Global
	GlobalSection(SolutionConfigurationPlatforms) = preSolution
		Debug|Any CPU = Debug|Any CPU
		Release|Any CPU = Release|Any CPU
	EndGlobalSection
	GlobalSection(ProjectConfigurationPlatforms) = postSolution
		{B71317D3-A644-4374-97E6-6FDDEC198234}.Debug|Any CPU.ActiveCfg = Debug|Any CPU
		{B71317D3-A644-4374-97E6-6FDDEC198234}.Debug|Any CPU.Build.0 = Debug|Any CPU
		{B71317D3-A644-4374-97E6-6FDDEC198234}.Release|Any CPU.ActiveCfg = Release|Any CPU
		{B71317D3-A644-4374-97E6-6FDDEC198234}.Release|Any CPU.Build.0 = Release|Any CPU
		{5A9854E5-8B23-4706-86D0-8EB802A5731A}.Debug|Any CPU.ActiveCfg = Debug|Any CPU
		{5A9854E5-8B23-4706-86D0-8EB802A5731A}.Debug|Any CPU.Build.0 = Debug|Any CPU
		{5A9854E5-8B23-4706-86D0-8EB802A5731A}.Release|Any CPU.ActiveCfg = Release|Any CPU
		{5A9854E5-8B23-4706-86D0-8EB802A5731A}.Release|Any CPU.Build.0 = Release|Any CPU
	EndGlobalSection
	GlobalSection(SolutionProperties) = preSolution
		HideSolutionNode = FALSE
	EndGlobalSection
	GlobalSection(ExtensibilityGlobals) = postSolution
		SolutionGuid = {68A3433C-B122-41C0-BCD7-744E978DCC53}
	EndGlobalSection
EndGlobal
